
Microsoft Visual Studio Solution File, Format Version 12.00
Project("{FAE04EC0-301F-11D3-BF4B-00C04F79EFBC}") = "FamilySync.Services.Identity", "FamilySync.Services.Identity\FamilySync.Services.Identity.csproj", "{8A8AD569-C802-48AB-963B-75AEEAAEF9BF}"
EndProject
Project("{2150E333-8FDC-42A3-9474-1A3956D46DE8}") = "Solution Items", "Solution Items", "{F3A947E1-6924-4525-960D-C48445166DAD}"
EndProject
Project("{FAE04EC0-301F-11D3-BF4B-00C04F79EFBC}") = "FamilySync.Services.Identity.Models", "FamilySync.Services.Identity.Models\FamilySync.Services.Identity.Models.csproj", "{5522D3BD-30DC-460C-81FC-0F547FD4646D}"
EndProject
Global
	GlobalSection(SolutionConfigurationPlatforms) = preSolution
		Debug|Any CPU = Debug|Any CPU
		Release|Any CPU = Release|Any CPU
	EndGlobalSection
	GlobalSection(ProjectConfigurationPlatforms) = postSolution
		{8A8AD569-C802-48AB-963B-75AEEAAEF9BF}.Debug|Any CPU.ActiveCfg = Debug|Any CPU
		{8A8AD569-C802-48AB-963B-75AEEAAEF9BF}.Debug|Any CPU.Build.0 = Debug|Any CPU
		{8A8AD569-C802-48AB-963B-75AEEAAEF9BF}.Release|Any CPU.ActiveCfg = Release|Any CPU
		{8A8AD569-C802-48AB-963B-75AEEAAEF9BF}.Release|Any CPU.Build.0 = Release|Any CPU
		{5522D3BD-30DC-460C-81FC-0F547FD4646D}.Debug|Any CPU.ActiveCfg = Debug|Any CPU
		{5522D3BD-30DC-460C-81FC-0F547FD4646D}.Debug|Any CPU.Build.0 = Debug|Any CPU
		{5522D3BD-30DC-460C-81FC-0F547FD4646D}.Release|Any CPU.ActiveCfg = Release|Any CPU
		{5522D3BD-30DC-460C-81FC-0F547FD4646D}.Release|Any CPU.Build.0 = Release|Any CPU
	EndGlobalSection
	GlobalSection(NestedProjects) = preSolution
	EndGlobalSection
EndGlobal
